
Microsoft Visual Studio Solution File, Format Version 12.00
# Visual Studio Version 16
VisualStudioVersion = 16.0.31402.337
MinimumVisualStudioVersion = 10.0.40219.1
Project("{FAE04EC0-301F-11D3-BF4B-00C04F79EFBC}") = "WebApplication1", "WebApplication1\WebApplication1.csproj", "{ED8E9344-E292-4DB2-B516-10DF8F8B9450}"
EndProject
Global
	GlobalSection(SolutionConfigurationPlatforms) = preSolution
		Debug|Any CPU = Debug|Any CPU
		Release|Any CPU = Release|Any CPU
	EndGlobalSection
	GlobalSection(ProjectConfigurationPlatforms) = postSolution
		{ED8E9344-E292-4DB2-B516-10DF8F8B9450}.Debug|Any CPU.ActiveCfg = Debug|Any CPU
		{ED8E9344-E292-4DB2-B516-10DF8F8B9450}.Debug|Any CPU.Build.0 = Debug|Any CPU
		{ED8E9344-E292-4DB2-B516-10DF8F8B9450}.Release|Any CPU.ActiveCfg = Release|Any CPU
		{ED8E9344-E292-4DB2-B516-10DF8F8B9450}.Release|Any CPU.Build.0 = Release|Any CPU
	EndGlobalSection
	GlobalSection(SolutionProperties) = preSolution
		HideSolutionNode = FALSE
	EndGlobalSection
	GlobalSection(ExtensibilityGlobals) = postSolution
		SolutionGuid = {34E0A7BE-6701-448D-8ABE-9B4D86C8DA66}
	EndGlobalSection
EndGlobal
